
Microsoft Visual Studio Solution File, Format Version 12.00
# Visual Studio Version 17
VisualStudioVersion = 17.5.33627.172
MinimumVisualStudioVersion = 10.0.40219.1
Project("{FAE04EC0-301F-11D3-BF4B-00C04F79EFBC}") = "ToDoAppNew", "ToDoAppNew.csproj", "{D8977A7F-0EF0-4A18-A642-F39863EB1E47}"
EndProject
Global
	GlobalSection(SolutionConfigurationPlatforms) = preSolution
		Debug|Any CPU = Debug|Any CPU
		Release|Any CPU = Release|Any CPU
	EndGlobalSection
	GlobalSection(ProjectConfigurationPlatforms) = postSolution
		{D8977A7F-0EF0-4A18-A642-F39863EB1E47}.Debug|Any CPU.ActiveCfg = Debug|Any CPU
		{D8977A7F-0EF0-4A18-A642-F39863EB1E47}.Debug|Any CPU.Build.0 = Debug|Any CPU
		{D8977A7F-0EF0-4A18-A642-F39863EB1E47}.Release|Any CPU.ActiveCfg = Release|Any CPU
		{D8977A7F-0EF0-4A18-A642-F39863EB1E47}.Release|Any CPU.Build.0 = Release|Any CPU
	EndGlobalSection
	GlobalSection(SolutionProperties) = preSolution
		HideSolutionNode = FALSE
	EndGlobalSection
	GlobalSection(ExtensibilityGlobals) = postSolution
		SolutionGuid = {378AD6A7-9E89-4BD1-865F-8DE0B27D7D81}
	EndGlobalSection
EndGlobal
